
Microsoft Visual Studio Solution File, Format Version 12.00
# Visual Studio Version 17
VisualStudioVersion = 17.7.34024.191
MinimumVisualStudioVersion = 10.0.40219.1
Project("{FAE04EC0-301F-11D3-BF4B-00C04F79EFBC}") = "DataAccess", "DataAccess\DataAccess.csproj", "{05E80188-12E0-4E56-BB5F-A51E7703A229}"
EndProject
Global
	GlobalSection(SolutionConfigurationPlatforms) = preSolution
		Debug|Any CPU = Debug|Any CPU
		Release|Any CPU = Release|Any CPU
	EndGlobalSection
	GlobalSection(ProjectConfigurationPlatforms) = postSolution
		{05E80188-12E0-4E56-BB5F-A51E7703A229}.Debug|Any CPU.ActiveCfg = Debug|Any CPU
		{05E80188-12E0-4E56-BB5F-A51E7703A229}.Debug|Any CPU.Build.0 = Debug|Any CPU
		{05E80188-12E0-4E56-BB5F-A51E7703A229}.Release|Any CPU.ActiveCfg = Release|Any CPU
		{05E80188-12E0-4E56-BB5F-A51E7703A229}.Release|Any CPU.Build.0 = Release|Any CPU
	EndGlobalSection
	GlobalSection(SolutionProperties) = preSolution
		HideSolutionNode = FALSE
	EndGlobalSection
	GlobalSection(ExtensibilityGlobals) = postSolution
		SolutionGuid = {4335AF24-74B1-4D4B-9F2B-9E19D27FCFF9}
	EndGlobalSection
EndGlobal
